// !$*UTF8*$!
{
	archiveVersion = 1;
	classes = {
	};
	objectVersion = 56;
	objects = {

/* Begin PBXBuildFile section */
		421C42C32A8A0EAF005FB2A7 /* AppTutorial.swift in Sources */ = {isa = PBXBuildFile; fileRef = 421C42C22A8A0EAF005FB2A7 /* AppTutorial.swift */; };
		84297F232A8F62C500BF4482 /* trytry.swift in Sources */ = {isa = PBXBuildFile; fileRef = 84297F222A8F62C500BF4482 /* trytry.swift */; };
		84F2DC7D2A8CCFDB00D5B7F2 /* MenuVR.swift in Sources */ = {isa = PBXBuildFile; fileRef = 84F2DC7C2A8CCFDB00D5B7F2 /* MenuVR.swift */; };
		91287EEE2A87336000539FA2 /* TerraWanderApp.swift in Sources */ = {isa = PBXBuildFile; fileRef = 91287EED2A87336000539FA2 /* TerraWanderApp.swift */; };
		91287EF02A87336000539FA2 /* ContentView.swift in Sources */ = {isa = PBXBuildFile; fileRef = 91287EEF2A87336000539FA2 /* ContentView.swift */; };
		91287EF22A87336100539FA2 /* Assets.xcassets in Resources */ = {isa = PBXBuildFile; fileRef = 91287EF12A87336100539FA2 /* Assets.xcassets */; };
		91287EF52A87336100539FA2 /* Preview Assets.xcassets in Resources */ = {isa = PBXBuildFile; fileRef = 91287EF42A87336100539FA2 /* Preview Assets.xcassets */; };
		91287EFF2A87336100539FA2 /* TerraWanderTests.swift in Sources */ = {isa = PBXBuildFile; fileRef = 91287EFE2A87336100539FA2 /* TerraWanderTests.swift */; };
		91287F092A87336100539FA2 /* TerraWanderUITests.swift in Sources */ = {isa = PBXBuildFile; fileRef = 91287F082A87336100539FA2 /* TerraWanderUITests.swift */; };
		91287F0B2A87336100539FA2 /* TerraWanderUITestsLaunchTests.swift in Sources */ = {isa = PBXBuildFile; fileRef = 91287F0A2A87336100539FA2 /* TerraWanderUITestsLaunchTests.swift */; };
		91F9CB412A888DC800FA3DB9 /* SettingsView.swift in Sources */ = {isa = PBXBuildFile; fileRef = 91F9CB402A888DC800FA3DB9 /* SettingsView.swift */; };
		CB0851A02A8B6A3500B73672 /* Bmi.swift in Sources */ = {isa = PBXBuildFile; fileRef = CB08519F2A8B6A3500B73672 /* Bmi.swift */; };
		CB40726D2A8A442F009A30F5 /* home1.swift in Sources */ = {isa = PBXBuildFile; fileRef = CB40726C2A8A442F009A30F5 /* home1.swift */; };
/* End PBXBuildFile section */

/* Begin PBXContainerItemProxy section */
		91287EFB2A87336100539FA2 /* PBXContainerItemProxy */ = {
			isa = PBXContainerItemProxy;
			containerPortal = 91287EE22A87336000539FA2 /* Project object */;
			proxyType = 1;
			remoteGlobalIDString = 91287EE92A87336000539FA2;
			remoteInfo = TerraWander;
		};
		91287F052A87336100539FA2 /* PBXContainerItemProxy */ = {
			isa = PBXContainerItemProxy;
			containerPortal = 91287EE22A87336000539FA2 /* Project object */;
			proxyType = 1;
			remoteGlobalIDString = 91287EE92A87336000539FA2;
			remoteInfo = TerraWander;
		};
/* End PBXContainerItemProxy section */

/* Begin PBXFileReference section */
		421C42C22A8A0EAF005FB2A7 /* AppTutorial.swift */ = {isa = PBXFileReference; lastKnownFileType = sourcecode.swift; path = AppTutorial.swift; sourceTree = "<group>"; };
		84297F222A8F62C500BF4482 /* trytry.swift */ = {isa = PBXFileReference; lastKnownFileType = sourcecode.swift; path = trytry.swift; sourceTree = "<group>"; };
		84F2DC7C2A8CCFDB00D5B7F2 /* MenuVR.swift */ = {isa = PBXFileReference; lastKnownFileType = sourcecode.swift; path = MenuVR.swift; sourceTree = "<group>"; };
		91287EEA2A87336000539FA2 /* TerraWander.app */ = {isa = PBXFileReference; explicitFileType = wrapper.application; includeInIndex = 0; path = TerraWander.app; sourceTree = BUILT_PRODUCTS_DIR; };
		91287EED2A87336000539FA2 /* TerraWanderApp.swift */ = {isa = PBXFileReference; lastKnownFileType = sourcecode.swift; path = TerraWanderApp.swift; sourceTree = "<group>"; };
		91287EEF2A87336000539FA2 /* ContentView.swift */ = {isa = PBXFileReference; lastKnownFileType = sourcecode.swift; path = ContentView.swift; sourceTree = "<group>"; };
		91287EF12A87336100539FA2 /* Assets.xcassets */ = {isa = PBXFileReference; lastKnownFileType = folder.assetcatalog; path = Assets.xcassets; sourceTree = "<group>"; };
		91287EF42A87336100539FA2 /* Preview Assets.xcassets */ = {isa = PBXFileReference; lastKnownFileType = folder.assetcatalog; path = "Preview Assets.xcassets"; sourceTree = "<group>"; };
		91287EFA2A87336100539FA2 /* TerraWanderTests.xctest */ = {isa = PBXFileReference; explicitFileType = wrapper.cfbundle; includeInIndex = 0; path = TerraWanderTests.xctest; sourceTree = BUILT_PRODUCTS_DIR; };
		91287EFE2A87336100539FA2 /* TerraWanderTests.swift */ = {isa = PBXFileReference; lastKnownFileType = sourcecode.swift; path = TerraWanderTests.swift; sourceTree = "<group>"; };
		91287F042A87336100539FA2 /* TerraWanderUITests.xctest */ = {isa = PBXFileReference; explicitFileType = wrapper.cfbundle; includeInIndex = 0; path = TerraWanderUITests.xctest; sourceTree = BUILT_PRODUCTS_DIR; };
		91287F082A87336100539FA2 /* TerraWanderUITests.swift */ = {isa = PBXFileReference; lastKnownFileType = sourcecode.swift; path = TerraWanderUITests.swift; sourceTree = "<group>"; };
		91287F0A2A87336100539FA2 /* TerraWanderUITestsLaunchTests.swift */ = {isa = PBXFileReference; lastKnownFileType = sourcecode.swift; path = TerraWanderUITestsLaunchTests.swift; sourceTree = "<group>"; };
		91F9CB402A888DC800FA3DB9 /* SettingsView.swift */ = {isa = PBXFileReference; lastKnownFileType = sourcecode.swift; path = SettingsView.swift; sourceTree = "<group>"; };
		CB08519F2A8B6A3500B73672 /* Bmi.swift */ = {isa = PBXFileReference; lastKnownFileType = sourcecode.swift; path = Bmi.swift; sourceTree = "<group>"; };
		CB40726C2A8A442F009A30F5 /* home1.swift */ = {isa = PBXFileReference; lastKnownFileType = sourcecode.swift; path = home1.swift; sourceTree = "<group>"; };
/* End PBXFileReference section */

/* Begin PBXFrameworksBuildPhase section */
		91287EE72A87336000539FA2 /* Frameworks */ = {
			isa = PBXFrameworksBuildPhase;
			buildActionMask = 2147483647;
			files = (
			);
			runOnlyForDeploymentPostprocessing = 0;
		};
		91287EF72A87336100539FA2 /* Frameworks */ = {
			isa = PBXFrameworksBuildPhase;
			buildActionMask = 2147483647;
			files = (
			);
			runOnlyForDeploymentPostprocessing = 0;
		};
		91287F012A87336100539FA2 /* Frameworks */ = {
			isa = PBXFrameworksBuildPhase;
			buildActionMask = 2147483647;
			files = (
			);
			runOnlyForDeploymentPostprocessing = 0;
		};
/* End PBXFrameworksBuildPhase section */

/* Begin PBXGroup section */
		91287EE12A87336000539FA2 = {
			isa = PBXGroup;
			children = (
				91287EEC2A87336000539FA2 /* TerraWander */,
				91287EFD2A87336100539FA2 /* TerraWanderTests */,
				91287F072A87336100539FA2 /* TerraWanderUITests */,
				91287EEB2A87336000539FA2 /* Products */,
			);
			sourceTree = "<group>";
		};
		91287EEB2A87336000539FA2 /* Products */ = {
			isa = PBXGroup;
			children = (
				91287EEA2A87336000539FA2 /* TerraWander.app */,
				91287EFA2A87336100539FA2 /* TerraWanderTests.xctest */,
				91287F042A87336100539FA2 /* TerraWanderUITests.xctest */,
			);
			name = Products;
			sourceTree = "<group>";
		};
		91287EEC2A87336000539FA2 /* TerraWander */ = {
			isa = PBXGroup;
			children = (
				91287EED2A87336000539FA2 /* TerraWanderApp.swift */,
				CB40726C2A8A442F009A30F5 /* home1.swift */,
				91287EEF2A87336000539FA2 /* ContentView.swift */,
				CB08519F2A8B6A3500B73672 /* Bmi.swift */,
				91F9CB402A888DC800FA3DB9 /* SettingsView.swift */,
				421C42C22A8A0EAF005FB2A7 /* AppTutorial.swift */,
				91287EF12A87336100539FA2 /* Assets.xcassets */,
				91287EF32A87336100539FA2 /* Preview Content */,
				84F2DC7C2A8CCFDB00D5B7F2 /* MenuVR.swift */,
				84297F222A8F62C500BF4482 /* trytry.swift */,
			);
			path = TerraWander;
			sourceTree = "<group>";
		};
		91287EF32A87336100539FA2 /* Preview Content */ = {
			isa = PBXGroup;
			children = (
				91287EF42A87336100539FA2 /* Preview Assets.xcassets */,
			);
			path = "Preview Content";
			sourceTree = "<group>";
		};
		91287EFD2A87336100539FA2 /* TerraWanderTests */ = {
			isa = PBXGroup;
			children = (
				91287EFE2A87336100539FA2 /* TerraWanderTests.swift */,
			);
			path = TerraWanderTests;
			sourceTree = "<group>";
		};
		91287F072A87336100539FA2 /* TerraWanderUITests */ = {
			isa = PBXGroup;
			children = (
				91287F082A87336100539FA2 /* TerraWanderUITests.swift */,
				91287F0A2A87336100539FA2 /* TerraWanderUITestsLaunchTests.swift */,
			);
			path = TerraWanderUITests;
			sourceTree = "<group>";
		};
/* End PBXGroup section */

/* Begin PBXNativeTarget section */
		91287EE92A87336000539FA2 /* TerraWander */ = {
			isa = PBXNativeTarget;
			buildConfigurationList = 91287F0E2A87336100539FA2 /* Build configuration list for PBXNativeTarget "TerraWander" */;
			buildPhases = (
				91287EE62A87336000539FA2 /* Sources */,
				91287EE72A87336000539FA2 /* Frameworks */,
				91287EE82A87336000539FA2 /* Resources */,
			);
			buildRules = (
			);
			dependencies = (
			);
			name = TerraWander;
			productName = TerraWander;
			productReference = 91287EEA2A87336000539FA2 /* TerraWander.app */;
			productType = "com.apple.product-type.application";
		};
		91287EF92A87336100539FA2 /* TerraWanderTests */ = {
			isa = PBXNativeTarget;
			buildConfigurationList = 91287F112A87336100539FA2 /* Build configuration list for PBXNativeTarget "TerraWanderTests" */;
			buildPhases = (
				91287EF62A87336100539FA2 /* Sources */,
				91287EF72A87336100539FA2 /* Frameworks */,
				91287EF82A87336100539FA2 /* Resources */,
			);
			buildRules = (
			);
			dependencies = (
				91287EFC2A87336100539FA2 /* PBXTargetDependency */,
			);
			name = TerraWanderTests;
			productName = TerraWanderTests;
			productReference = 91287EFA2A87336100539FA2 /* TerraWanderTests.xctest */;
			productType = "com.apple.product-type.bundle.unit-test";
		};
		91287F032A87336100539FA2 /* TerraWanderUITests */ = {
			isa = PBXNativeTarget;
			buildConfigurationList = 91287F142A87336100539FA2 /* Build configuration list for PBXNativeTarget "TerraWanderUITests" */;
			buildPhases = (
				91287F002A87336100539FA2 /* Sources */,
				91287F012A87336100539FA2 /* Frameworks */,
				91287F022A87336100539FA2 /* Resources */,
			);
			buildRules = (
			);
			dependencies = (
				91287F062A87336100539FA2 /* PBXTargetDependency */,
			);
			name = TerraWanderUITests;
			productName = TerraWanderUITests;
			productReference = 91287F042A87336100539FA2 /* TerraWanderUITests.xctest */;
			productType = "com.apple.product-type.bundle.ui-testing";
		};
/* End PBXNativeTarget section */

/* Begin PBXProject section */
		91287EE22A87336000539FA2 /* Project object */ = {
			isa = PBXProject;
			attributes = {
				BuildIndependentTargetsInParallel = 1;
				LastSwiftUpdateCheck = 1430;
				LastUpgradeCheck = 1430;
				TargetAttributes = {
					91287EE92A87336000539FA2 = {
						CreatedOnToolsVersion = 14.3;
					};
					91287EF92A87336100539FA2 = {
						CreatedOnToolsVersion = 14.3;
						TestTargetID = 91287EE92A87336000539FA2;
					};
					91287F032A87336100539FA2 = {
						CreatedOnToolsVersion = 14.3;
						TestTargetID = 91287EE92A87336000539FA2;
					};
				};
			};
			buildConfigurationList = 91287EE52A87336000539FA2 /* Build configuration list for PBXProject "TerraWander" */;
			compatibilityVersion = "Xcode 14.0";
			developmentRegion = en;
			hasScannedForEncodings = 0;
			knownRegions = (
				en,
				Base,
			);
			mainGroup = 91287EE12A87336000539FA2;
			productRefGroup = 91287EEB2A87336000539FA2 /* Products */;
			projectDirPath = "";
			projectRoot = "";
			targets = (
				91287EE92A87336000539FA2 /* TerraWander */,
				91287EF92A87336100539FA2 /* TerraWanderTests */,
				91287F032A87336100539FA2 /* TerraWanderUITests */,
			);
		};
/* End PBXProject section */

/* Begin PBXResourcesBuildPhase section */
		91287EE82A87336000539FA2 /* Resources */ = {
			isa = PBXResourcesBuildPhase;
			buildActionMask = 2147483647;
			files = (
				91287EF52A87336100539FA2 /* Preview Assets.xcassets in Resources */,
				91287EF22A87336100539FA2 /* Assets.xcassets in Resources */,
			);
			runOnlyForDeploymentPostprocessing = 0;
		};
		91287EF82A87336100539FA2 /* Resources */ = {
			isa = PBXResourcesBuildPhase;
			buildActionMask = 2147483647;
			files = (
			);
			runOnlyForDeploymentPostprocessing = 0;
		};
		91287F022A87336100539FA2 /* Resources */ = {
			isa = PBXResourcesBuildPhase;
			buildActionMask = 2147483647;
			files = (
			);
			runOnlyForDeploymentPostprocessing = 0;
		};
/* End PBXResourcesBuildPhase section */

/* Begin PBXSourcesBuildPhase section */
		91287EE62A87336000539FA2 /* Sources */ = {
			isa = PBXSourcesBuildPhase;
			buildActionMask = 2147483647;
			files = (
				CB0851A02A8B6A3500B73672 /* Bmi.swift in Sources */,
				91F9CB412A888DC800FA3DB9 /* SettingsView.swift in Sources */,
				CB40726D2A8A442F009A30F5 /* home1.swift in Sources */,
				84F2DC7D2A8CCFDB00D5B7F2 /* MenuVR.swift in Sources */,
				421C42C32A8A0EAF005FB2A7 /* AppTutorial.swift in Sources */,
				84297F232A8F62C500BF4482 /* trytry.swift in Sources */,
				91287EF02A87336000539FA2 /* ContentView.swift in Sources */,
				91287EEE2A87336000539FA2 /* TerraWanderApp.swift in Sources */,
			);
			runOnlyForDeploymentPostprocessing = 0;
		};
		91287EF62A87336100539FA2 /* Sources */ = {
			isa = PBXSourcesBuildPhase;
			buildActionMask = 2147483647;
			files = (
				91287EFF2A87336100539FA2 /* TerraWanderTests.swift in Sources */,
			);
			runOnlyForDeploymentPostprocessing = 0;
		};
		91287F002A87336100539FA2 /* Sources */ = {
			isa = PBXSourcesBuildPhase;
			buildActionMask = 2147483647;
			files = (
				91287F0B2A87336100539FA2 /* TerraWanderUITestsLaunchTests.swift in Sources */,
				91287F092A87336100539FA2 /* TerraWanderUITests.swift in Sources */,
			);
			runOnlyForDeploymentPostprocessing = 0;
		};
/* End PBXSourcesBuildPhase section */

/* Begin PBXTargetDependency section */
		91287EFC2A87336100539FA2 /* PBXTargetDependency */ = {
			isa = PBXTargetDependency;
			target = 91287EE92A87336000539FA2 /* TerraWander */;
			targetProxy = 91287EFB2A87336100539FA2 /* PBXContainerItemProxy */;
		};
		91287F062A87336100539FA2 /* PBXTargetDependency */ = {
			isa = PBXTargetDependency;
			target = 91287EE92A87336000539FA2 /* TerraWander */;
			targetProxy = 91287F052A87336100539FA2 /* PBXContainerItemProxy */;
		};
/* End PBXTargetDependency section */

/* Begin XCBuildConfiguration section */
		91287F0C2A87336100539FA2 /* Debug */ = {
			isa = XCBuildConfiguration;
			buildSettings = {
				ALWAYS_SEARCH_USER_PATHS = NO;
				CLANG_ANALYZER_NONNULL = YES;
				CLANG_ANALYZER_NUMBER_OBJECT_CONVERSION = YES_AGGRESSIVE;
				CLANG_CXX_LANGUAGE_STANDARD = "gnu++20";
				CLANG_ENABLE_MODULES = YES;
				CLANG_ENABLE_OBJC_ARC = YES;
				CLANG_ENABLE_OBJC_WEAK = YES;
				CLANG_WARN_BLOCK_CAPTURE_AUTORELEASING = YES;
				CLANG_WARN_BOOL_CONVERSION = YES;
				CLANG_WARN_COMMA = YES;
				CLANG_WARN_CONSTANT_CONVERSION = YES;
				CLANG_WARN_DEPRECATED_OBJC_IMPLEMENTATIONS = YES;
				CLANG_WARN_DIRECT_OBJC_ISA_USAGE = YES_ERROR;
				CLANG_WARN_DOCUMENTATION_COMMENTS = YES;
				CLANG_WARN_EMPTY_BODY = YES;
				CLANG_WARN_ENUM_CONVERSION = YES;
				CLANG_WARN_INFINITE_RECURSION = YES;
				CLANG_WARN_INT_CONVERSION = YES;
				CLANG_WARN_NON_LITERAL_NULL_CONVERSION = YES;
				CLANG_WARN_OBJC_IMPLICIT_RETAIN_SELF = YES;
				CLANG_WARN_OBJC_LITERAL_CONVERSION = YES;
				CLANG_WARN_OBJC_ROOT_CLASS = YES_ERROR;
				CLANG_WARN_QUOTED_INCLUDE_IN_FRAMEWORK_HEADER = YES;
				CLANG_WARN_RANGE_LOOP_ANALYSIS = YES;
				CLANG_WARN_STRICT_PROTOTYPES = YES;
				CLANG_WARN_SUSPICIOUS_MOVE = YES;
				CLANG_WARN_UNGUARDED_AVAILABILITY = YES_AGGRESSIVE;
				CLANG_WARN_UNREACHABLE_CODE = YES;
				CLANG_WARN__DUPLICATE_METHOD_MATCH = YES;
				COPY_PHASE_STRIP = NO;
				DEBUG_INFORMATION_FORMAT = dwarf;
				ENABLE_STRICT_OBJC_MSGSEND = YES;
				ENABLE_TESTABILITY = YES;
				GCC_C_LANGUAGE_STANDARD = gnu11;
				GCC_DYNAMIC_NO_PIC = NO;
				GCC_NO_COMMON_BLOCKS = YES;
				GCC_OPTIMIZATION_LEVEL = 0;
				GCC_PREPROCESSOR_DEFINITIONS = (
					"DEBUG=1",
					"$(inherited)",
				);
				GCC_WARN_64_TO_32_BIT_CONVERSION = YES;
				GCC_WARN_ABOUT_RETURN_TYPE = YES_ERROR;
				GCC_WARN_UNDECLARED_SELECTOR = YES;
				GCC_WARN_UNINITIALIZED_AUTOS = YES_AGGRESSIVE;
				GCC_WARN_UNUSED_FUNCTION = YES;
				GCC_WARN_UNUSED_VARIABLE = YES;
				IPHONEOS_DEPLOYMENT_TARGET = 16.4;
				MTL_ENABLE_DEBUG_INFO = INCLUDE_SOURCE;
				MTL_FAST_MATH = YES;
				ONLY_ACTIVE_ARCH = YES;
				SDKROOT = iphoneos;
				SWIFT_ACTIVE_COMPILATION_CONDITIONS = DEBUG;
				SWIFT_OPTIMIZATION_LEVEL = "-Onone";
			};
			name = Debug;
		};
		91287F0D2A87336100539FA2 /* Release */ = {
			isa = XCBuildConfiguration;
			buildSettings = {
				ALWAYS_SEARCH_USER_PATHS = NO;
				CLANG_ANALYZER_NONNULL = YES;
				CLANG_ANALYZER_NUMBER_OBJECT_CONVERSION = YES_AGGRESSIVE;
				CLANG_CXX_LANGUAGE_STANDARD = "gnu++20";
				CLANG_ENABLE_MODULES = YES;
				CLANG_ENABLE_OBJC_ARC = YES;
				CLANG_ENABLE_OBJC_WEAK = YES;
				CLANG_WARN_BLOCK_CAPTURE_AUTORELEASING = YES;
				CLANG_WARN_BOOL_CONVERSION = YES;
				CLANG_WARN_COMMA = YES;
				CLANG_WARN_CONSTANT_CONVERSION = YES;
				CLANG_WARN_DEPRECATED_OBJC_IMPLEMENTATIONS = YES;
				CLANG_WARN_DIRECT_OBJC_ISA_USAGE = YES_ERROR;
				CLANG_WARN_DOCUMENTATION_COMMENTS = YES;
				CLANG_WARN_EMPTY_BODY = YES;
				CLANG_WARN_ENUM_CONVERSION = YES;
				CLANG_WARN_INFINITE_RECURSION = YES;
				CLANG_WARN_INT_CONVERSION = YES;
				CLANG_WARN_NON_LITERAL_NULL_CONVERSION = YES;
				CLANG_WARN_OBJC_IMPLICIT_RETAIN_SELF = YES;
				CLANG_WARN_OBJC_LITERAL_CONVERSION = YES;
				CLANG_WARN_OBJC_ROOT_CLASS = YES_ERROR;
				CLANG_WARN_QUOTED_INCLUDE_IN_FRAMEWORK_HEADER = YES;
				CLANG_WARN_RANGE_LOOP_ANALYSIS = YES;
				CLANG_WARN_STRICT_PROTOTYPES = YES;
				CLANG_WARN_SUSPICIOUS_MOVE = YES;
				CLANG_WARN_UNGUARDED_AVAILABILITY = YES_AGGRESSIVE;
				CLANG_WARN_UNREACHABLE_CODE = YES;
				CLANG_WARN__DUPLICATE_METHOD_MATCH = YES;
				COPY_PHASE_STRIP = NO;
				DEBUG_INFORMATION_FORMAT = "dwarf-with-dsym";
				ENABLE_NS_ASSERTIONS = NO;
				ENABLE_STRICT_OBJC_MSGSEND = YES;
				GCC_C_LANGUAGE_STANDARD = gnu11;
				GCC_NO_COMMON_BLOCKS = YES;
				GCC_WARN_64_TO_32_BIT_CONVERSION = YES;
				GCC_WARN_ABOUT_RETURN_TYPE = YES_ERROR;
				GCC_WARN_UNDECLARED_SELECTOR = YES;
				GCC_WARN_UNINITIALIZED_AUTOS = YES_AGGRESSIVE;
				GCC_WARN_UNUSED_FUNCTION = YES;
				GCC_WARN_UNUSED_VARIABLE = YES;
				IPHONEOS_DEPLOYMENT_TARGET = 16.4;
				MTL_ENABLE_DEBUG_INFO = NO;
				MTL_FAST_MATH = YES;
				SDKROOT = iphoneos;
				SWIFT_COMPILATION_MODE = wholemodule;
				SWIFT_OPTIMIZATION_LEVEL = "-O";
				VALIDATE_PRODUCT = YES;
			};
			name = Release;
		};
		91287F0F2A87336100539FA2 /* Debug */ = {
			isa = XCBuildConfiguration;
			buildSettings = {
				ASSETCATALOG_COMPILER_APPICON_NAME = AppIcon;
				ASSETCATALOG_COMPILER_GLOBAL_ACCENT_COLOR_NAME = AccentColor;
				CODE_SIGN_STYLE = Automatic;
				CURRENT_PROJECT_VERSION = 1;
				DEVELOPMENT_ASSET_PATHS = "\"TerraWander/Preview Content\"";
				DEVELOPMENT_TEAM = Y5Y2G7UJ92;
				ENABLE_PREVIEWS = YES;
				GENERATE_INFOPLIST_FILE = YES;
				INFOPLIST_KEY_UIApplicationSceneManifest_Generation = YES;
				INFOPLIST_KEY_UIApplicationSupportsIndirectInputEvents = YES;
				INFOPLIST_KEY_UILaunchScreen_Generation = YES;
				INFOPLIST_KEY_UISupportedInterfaceOrientations_iPad = "UIInterfaceOrientationPortrait UIInterfaceOrientationPortraitUpsideDown UIInterfaceOrientationLandscapeLeft UIInterfaceOrientationLandscapeRight";
				INFOPLIST_KEY_UISupportedInterfaceOrientations_iPhone = "UIInterfaceOrientationPortrait UIInterfaceOrientationLandscapeLeft UIInterfaceOrientationLandscapeRight";
				LD_RUNPATH_SEARCH_PATHS = (
					"$(inherited)",
					"@executable_path/Frameworks",
				);
				MARKETING_VERSION = 1.0;
				PRODUCT_BUNDLE_IDENTIFIER = com.OurWelfare.TerraWander;
				PRODUCT_NAME = "$(TARGET_NAME)";
				SWIFT_EMIT_LOC_STRINGS = YES;
				SWIFT_VERSION = 5.0;
				TARGETED_DEVICE_FAMILY = "1,2";
			};
			name = Debug;
		};
		91287F102A87336100539FA2 /* Release */ = {
			isa = XCBuildConfiguration;
			buildSettings = {
				ASSETCATALOG_COMPILER_APPICON_NAME = AppIcon;
				ASSETCATALOG_COMPILER_GLOBAL_ACCENT_COLOR_NAME = AccentColor;
				CODE_SIGN_STYLE = Automatic;
				CURRENT_PROJECT_VERSION = 1;
				DEVELOPMENT_ASSET_PATHS = "\"TerraWander/Preview Content\"";
				DEVELOPMENT_TEAM = Y5Y2G7UJ92;
				ENABLE_PREVIEWS = YES;
				GENERATE_INFOPLIST_FILE = YES;
				INFOPLIST_KEY_UIApplicationSceneManifest_Generation = YES;
				INFOPLIST_KEY_UIApplicationSupportsIndirectInputEvents = YES;
				INFOPLIST_KEY_UILaunchScreen_Generation = YES;
				INFOPLIST_KEY_UISupportedInterfaceOrientations_iPad = "UIInterfaceOrientationPortrait UIInterfaceOrientationPortraitUpsideDown UIInterfaceOrientationLandscapeLeft UIInterfaceOrientationLandscapeRight";
				INFOPLIST_KEY_UISupportedInterfaceOrientations_iPhone = "UIInterfaceOrientationPortrait UIInterfaceOrientationLandscapeLeft UIInterfaceOrientationLandscapeRight";
				LD_RUNPATH_SEARCH_PATHS = (
					"$(inherited)",
					"@executable_path/Frameworks",
				);
				MARKETING_VERSION = 1.0;
				PRODUCT_BUNDLE_IDENTIFIER = com.OurWelfare.TerraWander;
				PRODUCT_NAME = "$(TARGET_NAME)";
				SWIFT_EMIT_LOC_STRINGS = YES;
				SWIFT_VERSION = 5.0;
				TARGETED_DEVICE_FAMILY = "1,2";
			};
			name = Release;
		};
		91287F122A87336100539FA2 /* Debug */ = {
			isa = XCBuildConfiguration;
			buildSettings = {
				ALWAYS_EMBED_SWIFT_STANDARD_LIBRARIES = YES;
				BUNDLE_LOADER = "$(TEST_HOST)";
				CODE_SIGN_STYLE = Automatic;
				CURRENT_PROJECT_VERSION = 1;
				DEVELOPMENT_TEAM = Y5Y2G7UJ92;
				GENERATE_INFOPLIST_FILE = YES;
				IPHONEOS_DEPLOYMENT_TARGET = 16.4;
				MARKETING_VERSION = 1.0;
				PRODUCT_BUNDLE_IDENTIFIER = com.OurWelfare.TerraWanderTests;
				PRODUCT_NAME = "$(TARGET_NAME)";
				SWIFT_EMIT_LOC_STRINGS = NO;
				SWIFT_VERSION = 5.0;
				TARGETED_DEVICE_FAMILY = "1,2";
				TEST_HOST = "$(BUILT_PRODUCTS_DIR)/TerraWander.app/$(BUNDLE_EXECUTABLE_FOLDER_PATH)/TerraWander";
			};
			name = Debug;
		};
		91287F132A87336100539FA2 /* Release */ = {
			isa = XCBuildConfiguration;
			buildSettings = {
				ALWAYS_EMBED_SWIFT_STANDARD_LIBRARIES = YES;
				BUNDLE_LOADER = "$(TEST_HOST)";
				CODE_SIGN_STYLE = Automatic;
				CURRENT_PROJECT_VERSION = 1;
				DEVELOPMENT_TEAM = Y5Y2G7UJ92;
				GENERATE_INFOPLIST_FILE = YES;
				IPHONEOS_DEPLOYMENT_TARGET = 16.4;
				MARKETING_VERSION = 1.0;
				PRODUCT_BUNDLE_IDENTIFIER = com.OurWelfare.TerraWanderTests;
				PRODUCT_NAME = "$(TARGET_NAME)";
				SWIFT_EMIT_LOC_STRINGS = NO;
				SWIFT_VERSION = 5.0;
				TARGETED_DEVICE_FAMILY = "1,2";
				TEST_HOST = "$(BUILT_PRODUCTS_DIR)/TerraWander.app/$(BUNDLE_EXECUTABLE_FOLDER_PATH)/TerraWander";
			};
			name = Release;
		};
		91287F152A87336100539FA2 /* Debug */ = {
			isa = XCBuildConfiguration;
			buildSettings = {
				ALWAYS_EMBED_SWIFT_STANDARD_LIBRARIES = YES;
				CODE_SIGN_STYLE = Automatic;
				CURRENT_PROJECT_VERSION = 1;
				DEVELOPMENT_TEAM = Y5Y2G7UJ92;
				GENERATE_INFOPLIST_FILE = YES;
				MARKETING_VERSION = 1.0;
				PRODUCT_BUNDLE_IDENTIFIER = com.OurWelfare.TerraWanderUITests;
				PRODUCT_NAME = "$(TARGET_NAME)";
				SWIFT_EMIT_LOC_STRINGS = NO;
				SWIFT_VERSION = 5.0;
				TARGETED_DEVICE_FAMILY = "1,2";
				TEST_TARGET_NAME = TerraWander;
			};
			name = Debug;
		};
		91287F162A87336100539FA2 /* Release */ = {
			isa = XCBuildConfiguration;
			buildSettings = {
				ALWAYS_EMBED_SWIFT_STANDARD_LIBRARIES = YES;
				CODE_SIGN_STYLE = Automatic;
				CURRENT_PROJECT_VERSION = 1;
				DEVELOPMENT_TEAM = Y5Y2G7UJ92;
				GENERATE_INFOPLIST_FILE = YES;
				MARKETING_VERSION = 1.0;
				PRODUCT_BUNDLE_IDENTIFIER = com.OurWelfare.TerraWanderUITests;
				PRODUCT_NAME = "$(TARGET_NAME)";
				SWIFT_EMIT_LOC_STRINGS = NO;
				SWIFT_VERSION = 5.0;
				TARGETED_DEVICE_FAMILY = "1,2";
				TEST_TARGET_NAME = TerraWander;
			};
			name = Release;
		};
/* End XCBuildConfiguration section */

/* Begin XCConfigurationList section */
		91287EE52A87336000539FA2 /* Build configuration list for PBXProject "TerraWander" */ = {
			isa = XCConfigurationList;
			buildConfigurations = (
				91287F0C2A87336100539FA2 /* Debug */,
				91287F0D2A87336100539FA2 /* Release */,
			);
			defaultConfigurationIsVisible = 0;
			defaultConfigurationName = Release;
		};
		91287F0E2A87336100539FA2 /* Build configuration list for PBXNativeTarget "TerraWander" */ = {
			isa = XCConfigurationList;
			buildConfigurations = (
				91287F0F2A87336100539FA2 /* Debug */,
				91287F102A87336100539FA2 /* Release */,
			);
			defaultConfigurationIsVisible = 0;
			defaultConfigurationName = Release;
		};
		91287F112A87336100539FA2 /* Build configuration list for PBXNativeTarget "TerraWanderTests" */ = {
			isa = XCConfigurationList;
			buildConfigurations = (
				91287F122A87336100539FA2 /* Debug */,
				91287F132A87336100539FA2 /* Release */,
			);
			defaultConfigurationIsVisible = 0;
			defaultConfigurationName = Release;
		};
		91287F142A87336100539FA2 /* Build configuration list for PBXNativeTarget "TerraWanderUITests" */ = {
			isa = XCConfigurationList;
			buildConfigurations = (
				91287F152A87336100539FA2 /* Debug */,
				91287F162A87336100539FA2 /* Release */,
			);
			defaultConfigurationIsVisible = 0;
			defaultConfigurationName = Release;
		};
/* End XCConfigurationList section */
	};
	rootObject = 91287EE22A87336000539FA2 /* Project object */;
}
